
Microsoft Visual Studio Solution File, Format Version 12.00
# Visual Studio 15
VisualStudioVersion = 15.0.28307.539
MinimumVisualStudioVersion = 10.0.40219.1
Project("{FAE04EC0-301F-11D3-BF4B-00C04F79EFBC}") = "CustomAddon", "CustomAddon.csproj", "{C6A4D17D-BD0B-4CAE-AA16-EAEE505AD393}"
EndProject
Global
	GlobalSection(SolutionConfigurationPlatforms) = preSolution
		Debug|Any CPU = Debug|Any CPU
		Release|Any CPU = Release|Any CPU
		UnityEditor|Any CPU = UnityEditor|Any CPU
	EndGlobalSection
	GlobalSection(ProjectConfigurationPlatforms) = postSolution
		{C6A4D17D-BD0B-4CAE-AA16-EAEE505AD393}.Debug|Any CPU.ActiveCfg = Debug|Any CPU
		{C6A4D17D-BD0B-4CAE-AA16-EAEE505AD393}.Debug|Any CPU.Build.0 = Debug|Any CPU
		{C6A4D17D-BD0B-4CAE-AA16-EAEE505AD393}.Release|Any CPU.ActiveCfg = Release|Any CPU
		{C6A4D17D-BD0B-4CAE-AA16-EAEE505AD393}.Release|Any CPU.Build.0 = Release|Any CPU
		{C6A4D17D-BD0B-4CAE-AA16-EAEE505AD393}.UnityEditor|Any CPU.ActiveCfg = UnityEditor|Any CPU
		{C6A4D17D-BD0B-4CAE-AA16-EAEE505AD393}.UnityEditor|Any CPU.Build.0 = UnityEditor|Any CPU
	EndGlobalSection
	GlobalSection(SolutionProperties) = preSolution
		HideSolutionNode = FALSE
	EndGlobalSection
	GlobalSection(ExtensibilityGlobals) = postSolution
		SolutionGuid = {58E1A9A1-8546-45C5-89A9-704899D711FB}
	EndGlobalSection
EndGlobal
